
Microsoft Visual Studio Solution File, Format Version 12.00
# Visual Studio 15
VisualStudioVersion = 15.0.28010.2026
MinimumVisualStudioVersion = 10.0.40219.1
Project("{9A19103F-16F7-4668-BE54-9A1E7A4F7556}") = "DotNetCore.API", "DotNetCore.API\DotNetCore.API.csproj", "{CF2689D4-CDB1-4497-B50A-AC8A8EBF4119}"
EndProject
Project("{9A19103F-16F7-4668-BE54-9A1E7A4F7556}") = "DotNetCore.API.UnitTests", "DotNetCore.API.UnitTests\DotNetCore.API.UnitTests.csproj", "{7E787911-206D-4562-B5AD-942264C72212}"
EndProject
Project("{9A19103F-16F7-4668-BE54-9A1E7A4F7556}") = "DotNetCore.API.IntegrationTests", "DotNetCore.API.IntegrationTests\DotNetCore.API.IntegrationTests.csproj", "{EAB8A074-2B5C-4618-8138-DCC025B19620}"
EndProject
Project("{9A19103F-16F7-4668-BE54-9A1E7A4F7556}") = "Fiver.Security.Bearer.Helpers", "Fiver.Security.Bearer.Helpers\Fiver.Security.Bearer.Helpers.csproj", "{443CFED3-78AA-43C3-A093-E4E91DC15B3B}"
EndProject
Project("{2150E333-8FDC-42A3-9474-1A3956D46DE8}") = "postman", "postman", "{62AE2041-7A71-4166-8694-DE229986BFB3}"
	ProjectSection(SolutionItems) = preProject
		..\Fiver.Security.Bearer-master\Fiver.Security.Bearer-master\postman\Security - Jwt.postman_collection.json = ..\Fiver.Security.Bearer-master\Fiver.Security.Bearer-master\postman\Security - Jwt.postman_collection.json
	EndProjectSection
EndProject
Project("{9A19103F-16F7-4668-BE54-9A1E7A4F7556}") = "LoggerService", "LoggerService\LoggerService.csproj", "{4FE55B45-99D6-4B69-8243-8C0D1017A0AB}"
EndProject
Global
	GlobalSection(SolutionConfigurationPlatforms) = preSolution
		Debug|Any CPU = Debug|Any CPU
		Release|Any CPU = Release|Any CPU
	EndGlobalSection
	GlobalSection(ProjectConfigurationPlatforms) = postSolution
		{CF2689D4-CDB1-4497-B50A-AC8A8EBF4119}.Debug|Any CPU.ActiveCfg = Debug|Any CPU
		{CF2689D4-CDB1-4497-B50A-AC8A8EBF4119}.Debug|Any CPU.Build.0 = Debug|Any CPU
		{CF2689D4-CDB1-4497-B50A-AC8A8EBF4119}.Release|Any CPU.ActiveCfg = Release|Any CPU
		{CF2689D4-CDB1-4497-B50A-AC8A8EBF4119}.Release|Any CPU.Build.0 = Release|Any CPU
		{7E787911-206D-4562-B5AD-942264C72212}.Debug|Any CPU.ActiveCfg = Debug|Any CPU
		{7E787911-206D-4562-B5AD-942264C72212}.Debug|Any CPU.Build.0 = Debug|Any CPU
		{7E787911-206D-4562-B5AD-942264C72212}.Release|Any CPU.ActiveCfg = Release|Any CPU
		{7E787911-206D-4562-B5AD-942264C72212}.Release|Any CPU.Build.0 = Release|Any CPU
		{EAB8A074-2B5C-4618-8138-DCC025B19620}.Debug|Any CPU.ActiveCfg = Debug|Any CPU
		{EAB8A074-2B5C-4618-8138-DCC025B19620}.Debug|Any CPU.Build.0 = Debug|Any CPU
		{EAB8A074-2B5C-4618-8138-DCC025B19620}.Release|Any CPU.ActiveCfg = Release|Any CPU
		{EAB8A074-2B5C-4618-8138-DCC025B19620}.Release|Any CPU.Build.0 = Release|Any CPU
		{443CFED3-78AA-43C3-A093-E4E91DC15B3B}.Debug|Any CPU.ActiveCfg = Debug|Any CPU
		{443CFED3-78AA-43C3-A093-E4E91DC15B3B}.Debug|Any CPU.Build.0 = Debug|Any CPU
		{443CFED3-78AA-43C3-A093-E4E91DC15B3B}.Release|Any CPU.ActiveCfg = Release|Any CPU
		{443CFED3-78AA-43C3-A093-E4E91DC15B3B}.Release|Any CPU.Build.0 = Release|Any CPU
		{4FE55B45-99D6-4B69-8243-8C0D1017A0AB}.Debug|Any CPU.ActiveCfg = Debug|Any CPU
		{4FE55B45-99D6-4B69-8243-8C0D1017A0AB}.Debug|Any CPU.Build.0 = Debug|Any CPU
		{4FE55B45-99D6-4B69-8243-8C0D1017A0AB}.Release|Any CPU.ActiveCfg = Release|Any CPU
		{4FE55B45-99D6-4B69-8243-8C0D1017A0AB}.Release|Any CPU.Build.0 = Release|Any CPU
	EndGlobalSection
	GlobalSection(SolutionProperties) = preSolution
		HideSolutionNode = FALSE
	EndGlobalSection
	GlobalSection(ExtensibilityGlobals) = postSolution
		SolutionGuid = {0CF090FF-B247-4E77-ACA0-BE563174E234}
	EndGlobalSection
EndGlobal
