
Microsoft Visual Studio Solution File, Format Version 12.00
# Visual Studio Version 17
VisualStudioVersion = 17.2.32616.157
MinimumVisualStudioVersion = 10.0.40219.1
Project("{9A19103F-16F7-4668-BE54-9A1E7A4F7556}") = "DotNetCore.API", "src\DotNetCore.API\DotNetCore.API.csproj", "{CF2689D4-CDB1-4497-B50A-AC8A8EBF4119}"
EndProject
Project("{9A19103F-16F7-4668-BE54-9A1E7A4F7556}") = "DotNetCore.API.UnitTests", "test\DotNetCore.API.UnitTests\DotNetCore.API.UnitTests.csproj", "{7E787911-206D-4562-B5AD-942264C72212}"
EndProject
Project("{9A19103F-16F7-4668-BE54-9A1E7A4F7556}") = "DotNetCore.API.IntegrationTests", "test\DotNetCore.API.IntegrationTests\DotNetCore.API.IntegrationTests.csproj", "{EAB8A074-2B5C-4618-8138-DCC025B19620}"
EndProject
Project("{2150E333-8FDC-42A3-9474-1A3956D46DE8}") = "postman", "postman", "{62AE2041-7A71-4166-8694-DE229986BFB3}"
	ProjectSection(SolutionItems) = preProject
		..\Fiver.Security.Bearer-master\Fiver.Security.Bearer-master\postman\Security - Jwt.postman_collection.json = ..\Fiver.Security.Bearer-master\Fiver.Security.Bearer-master\postman\Security - Jwt.postman_collection.json
	EndProjectSection
EndProject
Project("{2150E333-8FDC-42A3-9474-1A3956D46DE8}") = "libraries", "libraries", "{A622B782-1312-48F4-899C-E6C8C6F7FCD6}"
EndProject
Project("{9A19103F-16F7-4668-BE54-9A1E7A4F7556}") = "Fiver.Security.Bearer.Helpers", "libraries\Fiver.Security.Bearer.Helpers\Fiver.Security.Bearer.Helpers.csproj", "{D259B523-0569-4F0B-81BF-7CDE471FF691}"
EndProject
Project("{9A19103F-16F7-4668-BE54-9A1E7A4F7556}") = "LoggerService", "libraries\LoggerService\LoggerService.csproj", "{C136E16D-E9DD-408E-B502-C46C1435F9D4}"
EndProject
Project("{2150E333-8FDC-42A3-9474-1A3956D46DE8}") = "test", "test", "{5EF535C6-DEF3-4347-A80C-3EA76D4311CF}"
EndProject
Project("{FAE04EC0-301F-11D3-BF4B-00C04F79EFBC}") = "MongoDBUtility", "MongoDBUtility\MongoDBUtility.csproj", "{41850E07-9147-4E46-9FC1-D44A71F4739A}"
EndProject
Project("{FAE04EC0-301F-11D3-BF4B-00C04F79EFBC}") = "Data", "Data\Data.csproj", "{D0756C17-3BC3-44D2-A69B-CB52C3FC8278}"
EndProject
Global
	GlobalSection(SolutionConfigurationPlatforms) = preSolution
		Debug|Any CPU = Debug|Any CPU
		Release|Any CPU = Release|Any CPU
	EndGlobalSection
	GlobalSection(ProjectConfigurationPlatforms) = postSolution
		{CF2689D4-CDB1-4497-B50A-AC8A8EBF4119}.Debug|Any CPU.ActiveCfg = Debug|Any CPU
		{CF2689D4-CDB1-4497-B50A-AC8A8EBF4119}.Debug|Any CPU.Build.0 = Debug|Any CPU
		{CF2689D4-CDB1-4497-B50A-AC8A8EBF4119}.Release|Any CPU.ActiveCfg = Release|Any CPU
		{CF2689D4-CDB1-4497-B50A-AC8A8EBF4119}.Release|Any CPU.Build.0 = Release|Any CPU
		{7E787911-206D-4562-B5AD-942264C72212}.Debug|Any CPU.ActiveCfg = Debug|Any CPU
		{7E787911-206D-4562-B5AD-942264C72212}.Debug|Any CPU.Build.0 = Debug|Any CPU
		{7E787911-206D-4562-B5AD-942264C72212}.Release|Any CPU.ActiveCfg = Release|Any CPU
		{7E787911-206D-4562-B5AD-942264C72212}.Release|Any CPU.Build.0 = Release|Any CPU
		{EAB8A074-2B5C-4618-8138-DCC025B19620}.Debug|Any CPU.ActiveCfg = Debug|Any CPU
		{EAB8A074-2B5C-4618-8138-DCC025B19620}.Debug|Any CPU.Build.0 = Debug|Any CPU
		{EAB8A074-2B5C-4618-8138-DCC025B19620}.Release|Any CPU.ActiveCfg = Release|Any CPU
		{EAB8A074-2B5C-4618-8138-DCC025B19620}.Release|Any CPU.Build.0 = Release|Any CPU
		{D259B523-0569-4F0B-81BF-7CDE471FF691}.Debug|Any CPU.ActiveCfg = Debug|Any CPU
		{D259B523-0569-4F0B-81BF-7CDE471FF691}.Debug|Any CPU.Build.0 = Debug|Any CPU
		{D259B523-0569-4F0B-81BF-7CDE471FF691}.Release|Any CPU.ActiveCfg = Release|Any CPU
		{D259B523-0569-4F0B-81BF-7CDE471FF691}.Release|Any CPU.Build.0 = Release|Any CPU
		{C136E16D-E9DD-408E-B502-C46C1435F9D4}.Debug|Any CPU.ActiveCfg = Debug|Any CPU
		{C136E16D-E9DD-408E-B502-C46C1435F9D4}.Debug|Any CPU.Build.0 = Debug|Any CPU
		{C136E16D-E9DD-408E-B502-C46C1435F9D4}.Release|Any CPU.ActiveCfg = Release|Any CPU
		{C136E16D-E9DD-408E-B502-C46C1435F9D4}.Release|Any CPU.Build.0 = Release|Any CPU
		{41850E07-9147-4E46-9FC1-D44A71F4739A}.Debug|Any CPU.ActiveCfg = Debug|Any CPU
		{41850E07-9147-4E46-9FC1-D44A71F4739A}.Debug|Any CPU.Build.0 = Debug|Any CPU
		{41850E07-9147-4E46-9FC1-D44A71F4739A}.Release|Any CPU.ActiveCfg = Release|Any CPU
		{41850E07-9147-4E46-9FC1-D44A71F4739A}.Release|Any CPU.Build.0 = Release|Any CPU
		{D0756C17-3BC3-44D2-A69B-CB52C3FC8278}.Debug|Any CPU.ActiveCfg = Debug|Any CPU
		{D0756C17-3BC3-44D2-A69B-CB52C3FC8278}.Debug|Any CPU.Build.0 = Debug|Any CPU
		{D0756C17-3BC3-44D2-A69B-CB52C3FC8278}.Release|Any CPU.ActiveCfg = Release|Any CPU
		{D0756C17-3BC3-44D2-A69B-CB52C3FC8278}.Release|Any CPU.Build.0 = Release|Any CPU
	EndGlobalSection
	GlobalSection(SolutionProperties) = preSolution
		HideSolutionNode = FALSE
	EndGlobalSection
	GlobalSection(NestedProjects) = preSolution
		{7E787911-206D-4562-B5AD-942264C72212} = {5EF535C6-DEF3-4347-A80C-3EA76D4311CF}
		{EAB8A074-2B5C-4618-8138-DCC025B19620} = {5EF535C6-DEF3-4347-A80C-3EA76D4311CF}
		{D259B523-0569-4F0B-81BF-7CDE471FF691} = {A622B782-1312-48F4-899C-E6C8C6F7FCD6}
		{C136E16D-E9DD-408E-B502-C46C1435F9D4} = {A622B782-1312-48F4-899C-E6C8C6F7FCD6}
		{41850E07-9147-4E46-9FC1-D44A71F4739A} = {A622B782-1312-48F4-899C-E6C8C6F7FCD6}
		{D0756C17-3BC3-44D2-A69B-CB52C3FC8278} = {A622B782-1312-48F4-899C-E6C8C6F7FCD6}
	EndGlobalSection
	GlobalSection(ExtensibilityGlobals) = postSolution
		SolutionGuid = {0CF090FF-B247-4E77-ACA0-BE563174E234}
	EndGlobalSection
EndGlobal
